{
  "nodes": {
    "flake-compat": {
      "flake": false,
      "locked": {
        "lastModified": 1767039857,
        "narHash": "sha256-vNpUSpF5Nuw8xvDLj2KCwwksIbjua2LZCqhV1LNRDns=",
        "owner": "NixOS",
        "repo": "flake-compat",
        "rev": "5edf11c44bc78a0d334f6334cdaf7d60d732daab",
        "type": "github"
      },
      "original": {
        "owner": "NixOS",
        "repo": "flake-compat",
        "type": "github"
      }
    },
    "flake-parts": {
      "inputs": {
        "nixpkgs-lib": [
          "nixpkgs"
        ]
      },
      "locked": {
        "lastModified": 1785627969,
        "narHash": "sha256-4dtXQk/NMePegK/nWp5NSeuZKLATItOq61lpEvmXqGw=",
        "owner": "hercules-ci",
        "repo": "flake-parts",
        "rev": "427bf4bd9435fdf21321c8cc628c24efc14c0f7a",
        "type": "github"
      },
      "original": {
        "owner": "hercules-ci",
        "repo": "flake-parts",
        "type": "github"
      }
    },
    "git-hooks": {
      "inputs": {
        "flake-compat": "flake-compat",
        "nixpkgs": [
          "rustowl-flake",
          "nixpkgs"
        ]
      },
      "locked": {
        "lastModified": 1784288435,
        "narHash": "sha256-ReRHaLgr/uVqdD8afFSn+myXIfpHeOhP0yYe0TJqAA8=",
        "owner": "cachix",
        "repo": "git-hooks.nix",
        "rev": "43b3c1ab9d40fb1dbb008f451988a91e375825e9",
        "type": "github"
      },
      "original": {
        "owner": "cachix",
        "repo": "git-hooks.nix",
        "type": "github"
      }
    },
    "neotest-nix": {
      "inputs": {
        "flake-parts": [
          "flake-parts"
        ],
        "nixpkgs": [
          "nixpkgs"
        ]
      },
      "locked": {
        "lastModified": 1786558234,
        "narHash": "sha256-iwFGNs+gPwj+eMkL2z5kWShd+/YdGrA+I0bR8kAODZU=",
        "owner": "khaneliman",
        "repo": "neotest-nix",
        "rev": "4e3b6ac16679e666764d84b028313e05ab505da1",
        "type": "github"
      },
      "original": {
        "owner": "khaneliman",
        "repo": "neotest-nix",
        "type": "github"
      }
    },
    "neovim-nightly-overlay": {
      "inputs": {
        "flake-parts": [
          "flake-parts"
        ],
        "neovim-src": "neovim-src",
        "nixpkgs": [
          "nixpkgs"
        ]
      },
      "locked": {
        "lastModified": 1787097805,
        "narHash": "sha256-21DKbOexLLcbW6ne4j5YNzKeqa56oeuQl+Wmu7C2fyc=",
        "owner": "nix-community",
        "repo": "neovim-nightly-overlay",
        "rev": "412f3d37250692d0ab3de0fc2170b42378f26720",
        "type": "github"
      },
      "original": {
        "owner": "nix-community",
        "repo": "neovim-nightly-overlay",
        "type": "github"
      }
    },
    "neovim-src": {
      "flake": false,
      "locked": {
        "lastModified": 1787096844,
        "narHash": "sha256-scS6xHq0NpGfEFQ76fhgrCrAwKN5ioynxuPiVU1ykBU=",
        "owner": "neovim",
        "repo": "neovim",
        "rev": "53211ade2baba5841050daa50b1c38fedaffdda0",
        "type": "github"
      },
      "original": {
        "owner": "neovim",
        "repo": "neovim",
        "type": "github"
      }
    },
    "nixpkgs": {
      "locked": {
        "lastModified": 1787083022,
        "narHash": "sha256-FqxyYWR7Jf80yyNsKJEHw2vRYjqoocUUbUyakdtTn4s=",
        "owner": "nixos",
        "repo": "nixpkgs",
        "rev": "5c680dac9f02fe3ab5088be3a4d509d8a5b12430",
        "type": "github"
      },
      "original": {
        "owner": "nixos",
        "ref": "nixpkgs-unstable",
        "repo": "nixpkgs",
        "type": "github"
      }
    },
    "nixpkgs-master": {
      "locked": {
        "lastModified": 1787115595,
        "narHash": "sha256-/g6b0/dTSE2rM0x47ZRzkioYiISOLCVEmsvkx0FyOHI=",
        "owner": "nixos",
        "repo": "nixpkgs",
        "rev": "2dd07aee34b708b17b1d1466b144dfea87b4745c",
        "type": "github"
      },
      "original": {
        "owner": "nixos",
        "repo": "nixpkgs",
        "type": "github"
      }
    },
    "nixvim": {
      "inputs": {
        "flake-parts": [
          "flake-parts"
        ],
        "nixpkgs": [
          "nixpkgs"
        ],
        "systems": "systems"
      },
      "locked": {
        "lastModified": 1787062366,
        "narHash": "sha256-42RoRqxcuMB/MMLQU65StwyrPzdahxDXR3Sy58AzOMM=",
        "owner": "nix-community",
        "repo": "nixvim",
        "rev": "fe68d88884ac91ce1d17e955ac0ae486ff8bcdf0",
        "type": "github"
      },
      "original": {
        "owner": "nix-community",
        "repo": "nixvim",
        "type": "github"
      }
    },
    "pkgs-by-name-for-flake-parts": {
      "locked": {
        "lastModified": 1769286518,
        "narHash": "sha256-F7VlUICvYp2wJKyQqM6d46BNEZCzMQ6dMH9zbmjuybc=",
        "owner": "drupol",
        "repo": "pkgs-by-name-for-flake-parts",
        "rev": "7ba1cd4a9a72c9c6c272018a63f090f2c912a171",
        "type": "github"
      },
      "original": {
        "owner": "drupol",
        "repo": "pkgs-by-name-for-flake-parts",
        "type": "github"
      }
    },
    "root": {
      "inputs": {
        "flake-parts": "flake-parts",
        "neotest-nix": "neotest-nix",
        "neovim-nightly-overlay": "neovim-nightly-overlay",
        "nixpkgs": "nixpkgs",
        "nixpkgs-master": "nixpkgs-master",
        "nixvim": "nixvim",
        "pkgs-by-name-for-flake-parts": "pkgs-by-name-for-flake-parts",
        "rustowl-flake": "rustowl-flake"
      }
    },
    "rust-overlay": {
      "inputs": {
        "nixpkgs": [
          "nixpkgs"
        ]
      },
      "locked": {
        "lastModified": 1787022047,
        "narHash": "sha256-wNlYM/obKOkkRELrOfto1JT5CRANR6hB/RjOELp223U=",
        "owner": "oxalica",
        "repo": "rust-overlay",
        "rev": "b32685dd7c5a965aa8273adb7ddaf7f5b40d0faa",
        "type": "github"
      },
      "original": {
        "owner": "oxalica",
        "repo": "rust-overlay",
        "type": "github"
      }
    },
    "rustowl": {
      "flake": false,
      "locked": {
        "lastModified": 1786956244,
        "narHash": "sha256-8CS7LcNor3b8TOO5cHwyZUPaN2Uc2m3AqOtYYrOewdY=",
        "owner": "cordx56",
        "repo": "rustowl",
        "rev": "0d48daea4ad8177e6ac387234f4552e8180c39cb",
        "type": "github"
      },
      "original": {
        "owner": "cordx56",
        "repo": "rustowl",
        "type": "github"
      }
    },
    "rustowl-flake": {
      "inputs": {
        "flake-parts": [
          "flake-parts"
        ],
        "git-hooks": "git-hooks",
        "nixpkgs": [
          "nixpkgs"
        ],
        "rust-overlay": "rust-overlay",
        "rustowl": "rustowl"
      },
      "locked": {
        "lastModified": 1787101121,
        "narHash": "sha256-C1DNNjaHgKG3EAXUYT4+IrvvgOp2mLlMypeg7RwFNMI=",
        "owner": "nix-community",
        "repo": "rustowl-flake",
        "rev": "657427fd7c7357b67f9530b355788a4120f1a1ca",
        "type": "github"
      },
      "original": {
        "owner": "nix-community",
        "repo": "rustowl-flake",
        "type": "github"
      }
    },
    "systems": {
      "flake": false,
      "locked": {
        "lastModified": 1774449309,
        "narHash": "sha256-brhZ8DmuGtzkCYHJg4HEd602amKm89Y9ytsFZ5uWD1w=",
        "owner": "nix-systems",
        "repo": "default",
        "rev": "c29398b59d2048c4ab79345812849c9bd15e9150",
        "type": "github"
      },
      "original": {
        "owner": "nix-systems",
        "ref": "future-26.11",
        "repo": "default",
        "type": "github"
      }
    }
  },
  "root": "root",
  "version": 7
}
