{
  "nodes": {
    "flake-parts": {
      "inputs": {
        "nixpkgs-lib": [
          "root",
          "nixpkgs"
        ]
      },
      "locked": {
        "lastModified": 1790898470,
        "narHash": "sha256-zTwuwezD0w3hpga6a6P8emidzAZFyWqlNeRBlpWOOl8=",
        "owner": "hercules-ci",
        "repo": "flake-parts",
        "rev": "024633cd702b10285db5cb19b40ad48d2399ba60",
        "type": "github"
      },
      "original": {
        "owner": "hercules-ci",
        "repo": "flake-parts",
        "type": "github"
      }
    },
    "git-hooks-nix": {
      "inputs": {
        "flake-compat": [],
        "nixpkgs": [
          "nixpkgs"
        ]
      },
      "locked": {
        "lastModified": 1790500375,
        "narHash": "sha256-XN3sDtn8TU9hAc9xqZ+SqRB/HHm2wjxM6aSWYLJU+oo=",
        "owner": "cachix",
        "repo": "git-hooks.nix",
        "rev": "a0e4241b51206fbcbf52fd322eb5f0cd80f153c4",
        "type": "github"
      },
      "original": {
        "owner": "cachix",
        "repo": "git-hooks.nix",
        "type": "github"
      }
    },
    "nixpkgs": {
      "locked": {
        "lastModified": 1790652569,
        "narHash": "sha256-641r7xrlSOHYoktL9/aArPIYNgZJ9eM5URzSEOtPJDY=",
        "owner": "nixos",
        "repo": "nixpkgs",
        "rev": "b6c8664de9b6cc07fe5666a29f91884ba81197c4",
        "type": "github"
      },
      "original": {
        "owner": "nixos",
        "ref": "nixpkgs-unstable",
        "repo": "nixpkgs",
        "type": "github"
      }
    },
    "nixpkgs-master": {
      "locked": {
        "lastModified": 1790956272,
        "narHash": "sha256-7ZOMK3ycjyPuHvW5M6mCI5iF51m8v8b+l1GZUzh3QmA=",
        "owner": "nixos",
        "repo": "nixpkgs",
        "rev": "3691c8187892693ea2b06d34ea7ad1d8878200b0",
        "type": "github"
      },
      "original": {
        "owner": "nixos",
        "repo": "nixpkgs",
        "type": "github"
      }
    },
    "root": {
      "inputs": {
        "git-hooks-nix": "git-hooks-nix",
        "nixpkgs": [
          "root",
          "nixpkgs"
        ],
        "root": "root_2",
        "treefmt-nix": "treefmt-nix"
      }
    },
    "root_2": {
      "inputs": {
        "flake-parts": "flake-parts",
        "neotest-nix": [],
        "neovim-nightly-overlay": [],
        "nixpkgs": "nixpkgs",
        "nixpkgs-master": "nixpkgs-master",
        "nixvim": [],
        "pkgs-by-name-for-flake-parts": [],
        "rust-overlay": "rust-overlay",
        "rustowl-flake": []
      },
      "locked": {
        "path": "../../",
        "type": "path"
      },
      "original": {
        "path": "../../",
        "type": "path"
      },
      "parent": []
    },
    "rust-overlay": {
      "inputs": {
        "nixpkgs": [
          "root",
          "nixpkgs"
        ]
      },
      "locked": {
        "lastModified": 1790928989,
        "narHash": "sha256-5r3MN/Rx7N9tLapCBmUq6/zCc3C9J7gNif1HybD1fJQ=",
        "owner": "oxalica",
        "repo": "rust-overlay",
        "rev": "368fee9beaab04ca6fe7af28db63caa9badb22fa",
        "type": "github"
      },
      "original": {
        "owner": "oxalica",
        "repo": "rust-overlay",
        "type": "github"
      }
    },
    "treefmt-nix": {
      "inputs": {
        "nixpkgs": [
          "nixpkgs"
        ]
      },
      "locked": {
        "lastModified": 1786901030,
        "narHash": "sha256-WSFCsDSE5ffgD2MqzkM2CYjeFiKhRF/dJUN8uedb6YE=",
        "owner": "numtide",
        "repo": "treefmt-nix",
        "rev": "27b3b12a8e6375f28ebe122f07d230ca5459bbfa",
        "type": "github"
      },
      "original": {
        "owner": "numtide",
        "repo": "treefmt-nix",
        "type": "github"
      }
    }
  },
  "root": "root",
  "version": 7
}
